
Microsoft Visual Studio Solution File, Format Version 12.00
# Visual Studio 15
VisualStudioVersion = 15.0.28307.329
MinimumVisualStudioVersion = 10.0.40219.1
Project("{FAE04EC0-301F-11D3-BF4B-00C04F79EFBC}") = "Web_TraSua", "Web_TraSua\Web_TraSua.csproj", "{2CA4E16C-9E23-491A-AF5F-B39261F984C4}"
EndProject
Global
	GlobalSection(SolutionConfigurationPlatforms) = preSolution
		Debug|Any CPU = Debug|Any CPU
		Release|Any CPU = Release|Any CPU
	EndGlobalSection
	GlobalSection(ProjectConfigurationPlatforms) = postSolution
		{2CA4E16C-9E23-491A-AF5F-B39261F984C4}.Debug|Any CPU.ActiveCfg = Debug|Any CPU
		{2CA4E16C-9E23-491A-AF5F-B39261F984C4}.Debug|Any CPU.Build.0 = Debug|Any CPU
		{2CA4E16C-9E23-491A-AF5F-B39261F984C4}.Release|Any CPU.ActiveCfg = Release|Any CPU
		{2CA4E16C-9E23-491A-AF5F-B39261F984C4}.Release|Any CPU.Build.0 = Release|Any CPU
	EndGlobalSection
	GlobalSection(SolutionProperties) = preSolution
		HideSolutionNode = FALSE
	EndGlobalSection
	GlobalSection(ExtensibilityGlobals) = postSolution
		SolutionGuid = {764C262C-2F82-4F53-826A-3986D0E88387}
	EndGlobalSection
EndGlobal
